// !$*UTF8*$!
{
	archiveVersion = 1;
	classes = {
	};
	objectVersion = 50;
	objects = {

/* Begin PBXBuildFile section */
		FF29BCD022BF68B600EC9410 /* main.swift in Sources */ = {isa = PBXBuildFile; fileRef = FF29BCCF22BF68B600EC9410 /* main.swift */; };
		FF29BCDB22BF690F00EC9410 /* bridge.mm in Sources */ = {isa = PBXBuildFile; fileRef = FF29BCD922BF690F00EC9410 /* bridge.mm */; };
		FF29BCDE22BF6A3400EC9410 /* interface.mm in Sources */ = {isa = PBXBuildFile; fileRef = FF29BCDC22BF6A3400EC9410 /* interface.mm */; };
		FF29BCE122BF6A4B00EC9410 /* functions.cpp in Sources */ = {isa = PBXBuildFile; fileRef = FF29BCDF22BF6A4B00EC9410 /* functions.cpp */; };
		FF29BCE522BF6CD900EC9410 /* readfile.cpp in Sources */ = {isa = PBXBuildFile; fileRef = FF29BCE322BF6CD900EC9410 /* readfile.cpp */; };
		FF29BCE822BF703700EC9410 /* accessFunctions.swift in Sources */ = {isa = PBXBuildFile; fileRef = FF29BCE722BF703700EC9410 /* accessFunctions.swift */; };
/* End PBXBuildFile section */

/* Begin PBXCopyFilesBuildPhase section */
		FF29BCCA22BF68B600EC9410 /* CopyFiles */ = {
			isa = PBXCopyFilesBuildPhase;
			buildActionMask = 2147483647;
			dstPath = /usr/share/man/man1/;
			dstSubfolderSpec = 0;
			files = (
			);
			runOnlyForDeploymentPostprocessing = 1;
		};
/* End PBXCopyFilesBuildPhase section */

/* Begin PBXFileReference section */
		FF29BCCC22BF68B600EC9410 /* Swift with C++ */ = {isa = PBXFileReference; explicitFileType = "compiled.mach-o.executable"; includeInIndex = 0; path = "Swift with C++"; sourceTree = BUILT_PRODUCTS_DIR; };
		FF29BCCF22BF68B600EC9410 /* main.swift */ = {isa = PBXFileReference; lastKnownFileType = sourcecode.swift; path = main.swift; sourceTree = "<group>"; };
		FF29BCD822BF690F00EC9410 /* Swift with C++-Bridging-Header.h */ = {isa = PBXFileReference; lastKnownFileType = sourcecode.c.h; path = "Swift with C++-Bridging-Header.h"; sourceTree = "<group>"; };
		FF29BCD922BF690F00EC9410 /* bridge.mm */ = {isa = PBXFileReference; lastKnownFileType = sourcecode.cpp.objcpp; path = bridge.mm; sourceTree = "<group>"; };
		FF29BCDA22BF690F00EC9410 /* bridge.h */ = {isa = PBXFileReference; lastKnownFileType = sourcecode.c.h; path = bridge.h; sourceTree = "<group>"; xcLanguageSpecificationIdentifier = xcode.lang.objcpp; };
		FF29BCDC22BF6A3400EC9410 /* interface.mm */ = {isa = PBXFileReference; lastKnownFileType = sourcecode.cpp.objcpp; path = interface.mm; sourceTree = "<group>"; };
		FF29BCDD22BF6A3400EC9410 /* interface.h */ = {isa = PBXFileReference; lastKnownFileType = sourcecode.c.h; path = interface.h; sourceTree = "<group>"; xcLanguageSpecificationIdentifier = xcode.lang.objcpp; };
		FF29BCDF22BF6A4B00EC9410 /* functions.cpp */ = {isa = PBXFileReference; lastKnownFileType = sourcecode.cpp.cpp; path = functions.cpp; sourceTree = "<group>"; };
		FF29BCE022BF6A4B00EC9410 /* functions.hpp */ = {isa = PBXFileReference; lastKnownFileType = sourcecode.cpp.h; path = functions.hpp; sourceTree = "<group>"; };
		FF29BCE322BF6CD900EC9410 /* readfile.cpp */ = {isa = PBXFileReference; lastKnownFileType = sourcecode.cpp.cpp; path = readfile.cpp; sourceTree = "<group>"; };
		FF29BCE422BF6CD900EC9410 /* readfile.hpp */ = {isa = PBXFileReference; lastKnownFileType = sourcecode.cpp.h; path = readfile.hpp; sourceTree = "<group>"; };
		FF29BCE722BF703700EC9410 /* accessFunctions.swift */ = {isa = PBXFileReference; lastKnownFileType = sourcecode.swift; path = accessFunctions.swift; sourceTree = "<group>"; };
/* End PBXFileReference section */

/* Begin PBXFrameworksBuildPhase section */
		FF29BCC922BF68B600EC9410 /* Frameworks */ = {
			isa = PBXFrameworksBuildPhase;
			buildActionMask = 2147483647;
			files = (
			);
			runOnlyForDeploymentPostprocessing = 0;
		};
/* End PBXFrameworksBuildPhase section */

/* Begin PBXGroup section */
		FF29BCC322BF68B600EC9410 = {
			isa = PBXGroup;
			children = (
				FF29BCCE22BF68B600EC9410 /* Swift with C++ */,
				FF29BCCD22BF68B600EC9410 /* Products */,
			);
			sourceTree = "<group>";
		};
		FF29BCCD22BF68B600EC9410 /* Products */ = {
			isa = PBXGroup;
			children = (
				FF29BCCC22BF68B600EC9410 /* Swift with C++ */,
			);
			name = Products;
			sourceTree = "<group>";
		};
		FF29BCCE22BF68B600EC9410 /* Swift with C++ */ = {
			isa = PBXGroup;
			children = (
				FF29BCD622BF68E700EC9410 /* bridge */,
				FF29BCCF22BF68B600EC9410 /* main.swift */,
			);
			path = "Swift with C++";
			sourceTree = "<group>";
		};
		FF29BCD622BF68E700EC9410 /* bridge */ = {
			isa = PBXGroup;
			children = (
				FF29BCD722BF68F300EC9410 /* custom */,
				FF29BCD922BF690F00EC9410 /* bridge.mm */,
				FF29BCDA22BF690F00EC9410 /* bridge.h */,
				FF29BCD822BF690F00EC9410 /* Swift with C++-Bridging-Header.h */,
				FF29BCE722BF703700EC9410 /* accessFunctions.swift */,
			);
			path = bridge;
			sourceTree = "<group>";
		};
		FF29BCD722BF68F300EC9410 /* custom */ = {
			isa = PBXGroup;
			children = (
				FF29BCE222BF6CA200EC9410 /* fileaccess */,
				FF29BCDC22BF6A3400EC9410 /* interface.mm */,
				FF29BCDD22BF6A3400EC9410 /* interface.h */,
				FF29BCDF22BF6A4B00EC9410 /* functions.cpp */,
				FF29BCE022BF6A4B00EC9410 /* functions.hpp */,
			);
			path = custom;
			sourceTree = "<group>";
		};
		FF29BCE222BF6CA200EC9410 /* fileaccess */ = {
			isa = PBXGroup;
			children = (
				FF29BCE322BF6CD900EC9410 /* readfile.cpp */,
				FF29BCE422BF6CD900EC9410 /* readfile.hpp */,
			);
			path = fileaccess;
			sourceTree = "<group>";
		};
/* End PBXGroup section */

/* Begin PBXNativeTarget section */
		FF29BCCB22BF68B600EC9410 /* Swift with C++ */ = {
			isa = PBXNativeTarget;
			buildConfigurationList = FF29BCD322BF68B600EC9410 /* Build configuration list for PBXNativeTarget "Swift with C++" */;
			buildPhases = (
				FF29BCC822BF68B600EC9410 /* Sources */,
				FF29BCC922BF68B600EC9410 /* Frameworks */,
				FF29BCCA22BF68B600EC9410 /* CopyFiles */,
			);
			buildRules = (
			);
			dependencies = (
			);
			name = "Swift with C++";
			productName = "Swift with C++";
			productReference = FF29BCCC22BF68B600EC9410 /* Swift with C++ */;
			productType = "com.apple.product-type.tool";
		};
/* End PBXNativeTarget section */

/* Begin PBXProject section */
		FF29BCC422BF68B600EC9410 /* Project object */ = {
			isa = PBXProject;
			attributes = {
				LastSwiftUpdateCheck = 1020;
				LastUpgradeCheck = 1020;
				ORGANIZATIONNAME = Loyiworks;
				TargetAttributes = {
					FF29BCCB22BF68B600EC9410 = {
						CreatedOnToolsVersion = 10.2.1;
						LastSwiftMigration = 1020;
					};
				};
			};
			buildConfigurationList = FF29BCC722BF68B600EC9410 /* Build configuration list for PBXProject "Swift with C++" */;
			compatibilityVersion = "Xcode 9.3";
			developmentRegion = en;
			hasScannedForEncodings = 0;
			knownRegions = (
				en,
			);
			mainGroup = FF29BCC322BF68B600EC9410;
			productRefGroup = FF29BCCD22BF68B600EC9410 /* Products */;
			projectDirPath = "";
			projectRoot = "";
			targets = (
				FF29BCCB22BF68B600EC9410 /* Swift with C++ */,
			);
		};
/* End PBXProject section */

/* Begin PBXSourcesBuildPhase section */
		FF29BCC822BF68B600EC9410 /* Sources */ = {
			isa = PBXSourcesBuildPhase;
			buildActionMask = 2147483647;
			files = (
				FF29BCDB22BF690F00EC9410 /* bridge.mm in Sources */,
				FF29BCD022BF68B600EC9410 /* main.swift in Sources */,
				FF29BCDE22BF6A3400EC9410 /* interface.mm in Sources */,
				FF29BCE822BF703700EC9410 /* accessFunctions.swift in Sources */,
				FF29BCE522BF6CD900EC9410 /* readfile.cpp in Sources */,
				FF29BCE122BF6A4B00EC9410 /* functions.cpp in Sources */,
			);
			runOnlyForDeploymentPostprocessing = 0;
		};
/* End PBXSourcesBuildPhase section */

/* Begin XCBuildConfiguration section */
		FF29BCD122BF68B600EC9410 /* Debug */ = {
			isa = XCBuildConfiguration;
			buildSettings = {
				ALWAYS_SEARCH_USER_PATHS = NO;
				CLANG_ANALYZER_NONNULL = YES;
				CLANG_ANALYZER_NUMBER_OBJECT_CONVERSION = YES_AGGRESSIVE;
				CLANG_CXX_LANGUAGE_STANDARD = "gnu++14";
				CLANG_CXX_LIBRARY = "libc++";
				CLANG_ENABLE_MODULES = YES;
				CLANG_ENABLE_OBJC_ARC = YES;
				CLANG_ENABLE_OBJC_WEAK = YES;
				CLANG_WARN_BLOCK_CAPTURE_AUTORELEASING = YES;
				CLANG_WARN_BOOL_CONVERSION = YES;
				CLANG_WARN_COMMA = YES;
				CLANG_WARN_CONSTANT_CONVERSION = YES;
				CLANG_WARN_DEPRECATED_OBJC_IMPLEMENTATIONS = YES;
				CLANG_WARN_DIRECT_OBJC_ISA_USAGE = YES_ERROR;
				CLANG_WARN_DOCUMENTATION_COMMENTS = YES;
				CLANG_WARN_EMPTY_BODY = YES;
				CLANG_WARN_ENUM_CONVERSION = YES;
				CLANG_WARN_INFINITE_RECURSION = YES;
				CLANG_WARN_INT_CONVERSION = YES;
				CLANG_WARN_NON_LITERAL_NULL_CONVERSION = YES;
				CLANG_WARN_OBJC_IMPLICIT_RETAIN_SELF = YES;
				CLANG_WARN_OBJC_LITERAL_CONVERSION = YES;
				CLANG_WARN_OBJC_ROOT_CLASS = YES_ERROR;
				CLANG_WARN_RANGE_LOOP_ANALYSIS = YES;
				CLANG_WARN_STRICT_PROTOTYPES = YES;
				CLANG_WARN_SUSPICIOUS_MOVE = YES;
				CLANG_WARN_UNGUARDED_AVAILABILITY = YES_AGGRESSIVE;
				CLANG_WARN_UNREACHABLE_CODE = YES;
				CLANG_WARN__DUPLICATE_METHOD_MATCH = YES;
				CODE_SIGN_IDENTITY = "Mac Developer";
				COPY_PHASE_STRIP = NO;
				DEBUG_INFORMATION_FORMAT = dwarf;
				ENABLE_STRICT_OBJC_MSGSEND = YES;
				ENABLE_TESTABILITY = YES;
				GCC_C_LANGUAGE_STANDARD = gnu11;
				GCC_DYNAMIC_NO_PIC = NO;
				GCC_NO_COMMON_BLOCKS = YES;
				GCC_OPTIMIZATION_LEVEL = 0;
				GCC_PREPROCESSOR_DEFINITIONS = (
					"DEBUG=1",
					"$(inherited)",
				);
				GCC_WARN_64_TO_32_BIT_CONVERSION = YES;
				GCC_WARN_ABOUT_RETURN_TYPE = YES_ERROR;
				GCC_WARN_UNDECLARED_SELECTOR = YES;
				GCC_WARN_UNINITIALIZED_AUTOS = YES_AGGRESSIVE;
				GCC_WARN_UNUSED_FUNCTION = YES;
				GCC_WARN_UNUSED_VARIABLE = YES;
				MACOSX_DEPLOYMENT_TARGET = 10.14;
				MTL_ENABLE_DEBUG_INFO = INCLUDE_SOURCE;
				MTL_FAST_MATH = YES;
				ONLY_ACTIVE_ARCH = YES;
				SDKROOT = macosx;
				SWIFT_ACTIVE_COMPILATION_CONDITIONS = DEBUG;
				SWIFT_OPTIMIZATION_LEVEL = "-Onone";
			};
			name = Debug;
		};
		FF29BCD222BF68B600EC9410 /* Release */ = {
			isa = XCBuildConfiguration;
			buildSettings = {
				ALWAYS_SEARCH_USER_PATHS = NO;
				CLANG_ANALYZER_NONNULL = YES;
				CLANG_ANALYZER_NUMBER_OBJECT_CONVERSION = YES_AGGRESSIVE;
				CLANG_CXX_LANGUAGE_STANDARD = "gnu++14";
				CLANG_CXX_LIBRARY = "libc++";
				CLANG_ENABLE_MODULES = YES;
				CLANG_ENABLE_OBJC_ARC = YES;
				CLANG_ENABLE_OBJC_WEAK = YES;
				CLANG_WARN_BLOCK_CAPTURE_AUTORELEASING = YES;
				CLANG_WARN_BOOL_CONVERSION = YES;
				CLANG_WARN_COMMA = YES;
				CLANG_WARN_CONSTANT_CONVERSION = YES;
				CLANG_WARN_DEPRECATED_OBJC_IMPLEMENTATIONS = YES;
				CLANG_WARN_DIRECT_OBJC_ISA_USAGE = YES_ERROR;
				CLANG_WARN_DOCUMENTATION_COMMENTS = YES;
				CLANG_WARN_EMPTY_BODY = YES;
				CLANG_WARN_ENUM_CONVERSION = YES;
				CLANG_WARN_INFINITE_RECURSION = YES;
				CLANG_WARN_INT_CONVERSION = YES;
				CLANG_WARN_NON_LITERAL_NULL_CONVERSION = YES;
				CLANG_WARN_OBJC_IMPLICIT_RETAIN_SELF = YES;
				CLANG_WARN_OBJC_LITERAL_CONVERSION = YES;
				CLANG_WARN_OBJC_ROOT_CLASS = YES_ERROR;
				CLANG_WARN_RANGE_LOOP_ANALYSIS = YES;
				CLANG_WARN_STRICT_PROTOTYPES = YES;
				CLANG_WARN_SUSPICIOUS_MOVE = YES;
				CLANG_WARN_UNGUARDED_AVAILABILITY = YES_AGGRESSIVE;
				CLANG_WARN_UNREACHABLE_CODE = YES;
				CLANG_WARN__DUPLICATE_METHOD_MATCH = YES;
				CODE_SIGN_IDENTITY = "Mac Developer";
				COPY_PHASE_STRIP = NO;
				DEBUG_INFORMATION_FORMAT = "dwarf-with-dsym";
				ENABLE_NS_ASSERTIONS = NO;
				ENABLE_STRICT_OBJC_MSGSEND = YES;
				GCC_C_LANGUAGE_STANDARD = gnu11;
				GCC_NO_COMMON_BLOCKS = YES;
				GCC_WARN_64_TO_32_BIT_CONVERSION = YES;
				GCC_WARN_ABOUT_RETURN_TYPE = YES_ERROR;
				GCC_WARN_UNDECLARED_SELECTOR = YES;
				GCC_WARN_UNINITIALIZED_AUTOS = YES_AGGRESSIVE;
				GCC_WARN_UNUSED_FUNCTION = YES;
				GCC_WARN_UNUSED_VARIABLE = YES;
				MACOSX_DEPLOYMENT_TARGET = 10.14;
				MTL_ENABLE_DEBUG_INFO = NO;
				MTL_FAST_MATH = YES;
				SDKROOT = macosx;
				SWIFT_COMPILATION_MODE = wholemodule;
				SWIFT_OPTIMIZATION_LEVEL = "-O";
			};
			name = Release;
		};
		FF29BCD422BF68B600EC9410 /* Debug */ = {
			isa = XCBuildConfiguration;
			buildSettings = {
				CLANG_ENABLE_MODULES = YES;
				CODE_SIGN_STYLE = Automatic;
				DEVELOPMENT_TEAM = 2A59FUGCBE;
				LD_RUNPATH_SEARCH_PATHS = (
					"$(inherited)",
					"@executable_path/../Frameworks",
					"@loader_path/../Frameworks",
				);
				PRODUCT_NAME = "$(TARGET_NAME)";
				SWIFT_OBJC_BRIDGING_HEADER = "Swift with C++/bridge/Swift with C++-Bridging-Header.h";
				SWIFT_OPTIMIZATION_LEVEL = "-Onone";
				SWIFT_VERSION = 5.0;
			};
			name = Debug;
		};
		FF29BCD522BF68B600EC9410 /* Release */ = {
			isa = XCBuildConfiguration;
			buildSettings = {
				CLANG_ENABLE_MODULES = YES;
				CODE_SIGN_STYLE = Automatic;
				DEVELOPMENT_TEAM = 2A59FUGCBE;
				LD_RUNPATH_SEARCH_PATHS = (
					"$(inherited)",
					"@executable_path/../Frameworks",
					"@loader_path/../Frameworks",
				);
				PRODUCT_NAME = "$(TARGET_NAME)";
				SWIFT_OBJC_BRIDGING_HEADER = "Swift with C++/bridge/Swift with C++-Bridging-Header.h";
				SWIFT_VERSION = 5.0;
			};
			name = Release;
		};
/* End XCBuildConfiguration section */

/* Begin XCConfigurationList section */
		FF29BCC722BF68B600EC9410 /* Build configuration list for PBXProject "Swift with C++" */ = {
			isa = XCConfigurationList;
			buildConfigurations = (
				FF29BCD122BF68B600EC9410 /* Debug */,
				FF29BCD222BF68B600EC9410 /* Release */,
			);
			defaultConfigurationIsVisible = 0;
			defaultConfigurationName = Release;
		};
		FF29BCD322BF68B600EC9410 /* Build configuration list for PBXNativeTarget "Swift with C++" */ = {
			isa = XCConfigurationList;
			buildConfigurations = (
				FF29BCD422BF68B600EC9410 /* Debug */,
				FF29BCD522BF68B600EC9410 /* Release */,
			);
			defaultConfigurationIsVisible = 0;
			defaultConfigurationName = Release;
		};
/* End XCConfigurationList section */
	};
	rootObject = FF29BCC422BF68B600EC9410 /* Project object */;
}
